{"schemaVersion":1,"kind":"hutch-project-dependencies","objects":[{"type":"release","relativeRoot":"releases/cottontail/0.7.1/dcb0129b83ac80dcb203d2946cb770bace703cf1/macos-arm64","version":"0.7.1","platform":"macos-arm64","product":"cottontail","revision":"dcb0129b83ac80dcb203d2946cb770bace703cf1","archiveSha256":"fad7fa5cfd9c194a22b799acab183bd9603e10c41a43366075204ba211509e33"},{"type":"electrobun","relativeRoot":"releases/electrobun/2.0.2/macos-arm64","version":"2.0.2","platform":"macos-arm64","product":"electrobun","coreSha256":"beaf9a720959a38439cb9aef422351c5e5ca386cebd32d301fe0d48254e64a33","sourceManifestSha256":"92fcc4b5109d76007b33022411aa846d422c0850cb239b49742f49e800e31217"},{"type":"release","relativeRoot":"releases/hutch/0.27.1/b40b131488097aa46f3df767b35dea81b44315fd/macos-arm64","version":"0.27.1","platform":"macos-arm64","product":"hutch","revision":"b40b131488097aa46f3df767b35dea81b44315fd","archiveSha256":"5478ebc6ea25e93b12964615956f8a1cbaf38b9e7da38850e20e1c6aa5022e2b"}]}
